// !$*UTF8*$!
{
	archiveVersion = 1;
	classes = {
	};
	objectVersion = 50;
	objects = {

/* Begin PBXBuildFile section */
		2A23509520FD9DC7000FE1A3 /* cellVm.swift in Sources */ = {isa = PBXBuildFile; fileRef = 2A23509420FD9DC7000FE1A3 /* cellVm.swift */; };
		2A48742320F8B7BB0073513D /* modulePro.swift in Sources */ = {isa = PBXBuildFile; fileRef = 2A48742220F8B7BB0073513D /* modulePro.swift */; };
		2AAE31AE20F8A0FD00E173E0 /* AppDelegate.swift in Sources */ = {isa = PBXBuildFile; fileRef = 2AAE31AD20F8A0FD00E173E0 /* AppDelegate.swift */; };
		2AAE31B020F8A0FD00E173E0 /* ViewController.swift in Sources */ = {isa = PBXBuildFile; fileRef = 2AAE31AF20F8A0FD00E173E0 /* ViewController.swift */; };
		2AAE31B320F8A0FD00E173E0 /* Main.storyboard in Resources */ = {isa = PBXBuildFile; fileRef = 2AAE31B120F8A0FD00E173E0 /* Main.storyboard */; };
		2AAE31B520F8A0FE00E173E0 /* Assets.xcassets in Resources */ = {isa = PBXBuildFile; fileRef = 2AAE31B420F8A0FE00E173E0 /* Assets.xcassets */; };
		2AAE31B820F8A0FE00E173E0 /* LaunchScreen.storyboard in Resources */ = {isa = PBXBuildFile; fileRef = 2AAE31B620F8A0FE00E173E0 /* LaunchScreen.storyboard */; };
		2AAE31C320F8A0FE00E173E0 /* moduleTestTests.swift in Sources */ = {isa = PBXBuildFile; fileRef = 2AAE31C220F8A0FE00E173E0 /* moduleTestTests.swift */; };
		2AAE31CE20F8A0FE00E173E0 /* moduleTestUITests.swift in Sources */ = {isa = PBXBuildFile; fileRef = 2AAE31CD20F8A0FE00E173E0 /* moduleTestUITests.swift */; };
		2AAE31DC20F8A11100E173E0 /* ViewController1.swift in Sources */ = {isa = PBXBuildFile; fileRef = 2AAE31DB20F8A11100E173E0 /* ViewController1.swift */; };
		2AAE31DE20F8A11A00E173E0 /* ViewController2.swift in Sources */ = {isa = PBXBuildFile; fileRef = 2AAE31DD20F8A11A00E173E0 /* ViewController2.swift */; };
		2AAE31E020F8A11F00E173E0 /* ViewController3.swift in Sources */ = {isa = PBXBuildFile; fileRef = 2AAE31DF20F8A11F00E173E0 /* ViewController3.swift */; };
/* End PBXBuildFile section */

/* Begin PBXContainerItemProxy section */
		2AAE31BF20F8A0FE00E173E0 /* PBXContainerItemProxy */ = {
			isa = PBXContainerItemProxy;
			containerPortal = 2AAE31A220F8A0FD00E173E0 /* Project object */;
			proxyType = 1;
			remoteGlobalIDString = 2AAE31A920F8A0FD00E173E0;
			remoteInfo = moduleTest;
		};
		2AAE31CA20F8A0FE00E173E0 /* PBXContainerItemProxy */ = {
			isa = PBXContainerItemProxy;
			containerPortal = 2AAE31A220F8A0FD00E173E0 /* Project object */;
			proxyType = 1;
			remoteGlobalIDString = 2AAE31A920F8A0FD00E173E0;
			remoteInfo = moduleTest;
		};
/* End PBXContainerItemProxy section */

/* Begin PBXFileReference section */
		2A23509420FD9DC7000FE1A3 /* cellVm.swift */ = {isa = PBXFileReference; lastKnownFileType = sourcecode.swift; path = cellVm.swift; sourceTree = "<group>"; };
		2A48742220F8B7BB0073513D /* modulePro.swift */ = {isa = PBXFileReference; lastKnownFileType = sourcecode.swift; path = modulePro.swift; sourceTree = "<group>"; };
		2AAE31AA20F8A0FD00E173E0 /* moduleTest.app */ = {isa = PBXFileReference; explicitFileType = wrapper.application; includeInIndex = 0; path = moduleTest.app; sourceTree = BUILT_PRODUCTS_DIR; };
		2AAE31AD20F8A0FD00E173E0 /* AppDelegate.swift */ = {isa = PBXFileReference; lastKnownFileType = sourcecode.swift; path = AppDelegate.swift; sourceTree = "<group>"; };
		2AAE31AF20F8A0FD00E173E0 /* ViewController.swift */ = {isa = PBXFileReference; lastKnownFileType = sourcecode.swift; path = ViewController.swift; sourceTree = "<group>"; };
		2AAE31B220F8A0FD00E173E0 /* Base */ = {isa = PBXFileReference; lastKnownFileType = file.storyboard; name = Base; path = Base.lproj/Main.storyboard; sourceTree = "<group>"; };
		2AAE31B420F8A0FE00E173E0 /* Assets.xcassets */ = {isa = PBXFileReference; lastKnownFileType = folder.assetcatalog; path = Assets.xcassets; sourceTree = "<group>"; };
		2AAE31B720F8A0FE00E173E0 /* Base */ = {isa = PBXFileReference; lastKnownFileType = file.storyboard; name = Base; path = Base.lproj/LaunchScreen.storyboard; sourceTree = "<group>"; };
		2AAE31B920F8A0FE00E173E0 /* Info.plist */ = {isa = PBXFileReference; lastKnownFileType = text.plist.xml; path = Info.plist; sourceTree = "<group>"; };
		2AAE31BE20F8A0FE00E173E0 /* moduleTestTests.xctest */ = {isa = PBXFileReference; explicitFileType = wrapper.cfbundle; includeInIndex = 0; path = moduleTestTests.xctest; sourceTree = BUILT_PRODUCTS_DIR; };
		2AAE31C220F8A0FE00E173E0 /* moduleTestTests.swift */ = {isa = PBXFileReference; lastKnownFileType = sourcecode.swift; path = moduleTestTests.swift; sourceTree = "<group>"; };
		2AAE31C420F8A0FE00E173E0 /* Info.plist */ = {isa = PBXFileReference; lastKnownFileType = text.plist.xml; path = Info.plist; sourceTree = "<group>"; };
		2AAE31C920F8A0FE00E173E0 /* moduleTestUITests.xctest */ = {isa = PBXFileReference; explicitFileType = wrapper.cfbundle; includeInIndex = 0; path = moduleTestUITests.xctest; sourceTree = BUILT_PRODUCTS_DIR; };
		2AAE31CD20F8A0FE00E173E0 /* moduleTestUITests.swift */ = {isa = PBXFileReference; lastKnownFileType = sourcecode.swift; path = moduleTestUITests.swift; sourceTree = "<group>"; };
		2AAE31CF20F8A0FE00E173E0 /* Info.plist */ = {isa = PBXFileReference; lastKnownFileType = text.plist.xml; path = Info.plist; sourceTree = "<group>"; };
		2AAE31DB20F8A11100E173E0 /* ViewController1.swift */ = {isa = PBXFileReference; lastKnownFileType = sourcecode.swift; path = ViewController1.swift; sourceTree = "<group>"; };
		2AAE31DD20F8A11A00E173E0 /* ViewController2.swift */ = {isa = PBXFileReference; lastKnownFileType = sourcecode.swift; path = ViewController2.swift; sourceTree = "<group>"; };
		2AAE31DF20F8A11F00E173E0 /* ViewController3.swift */ = {isa = PBXFileReference; lastKnownFileType = sourcecode.swift; path = ViewController3.swift; sourceTree = "<group>"; };
/* End PBXFileReference section */

/* Begin PBXFrameworksBuildPhase section */
		2AAE31A720F8A0FD00E173E0 /* Frameworks */ = {
			isa = PBXFrameworksBuildPhase;
			buildActionMask = 2147483647;
			files = (
			);
			runOnlyForDeploymentPostprocessing = 0;
		};
		2AAE31BB20F8A0FE00E173E0 /* Frameworks */ = {
			isa = PBXFrameworksBuildPhase;
			buildActionMask = 2147483647;
			files = (
			);
			runOnlyForDeploymentPostprocessing = 0;
		};
		2AAE31C620F8A0FE00E173E0 /* Frameworks */ = {
			isa = PBXFrameworksBuildPhase;
			buildActionMask = 2147483647;
			files = (
			);
			runOnlyForDeploymentPostprocessing = 0;
		};
/* End PBXFrameworksBuildPhase section */

/* Begin PBXGroup section */
		2AAE31A120F8A0FD00E173E0 = {
			isa = PBXGroup;
			children = (
				2AAE31AC20F8A0FD00E173E0 /* moduleTest */,
				2AAE31C120F8A0FE00E173E0 /* moduleTestTests */,
				2AAE31CC20F8A0FE00E173E0 /* moduleTestUITests */,
				2AAE31AB20F8A0FD00E173E0 /* Products */,
			);
			sourceTree = "<group>";
		};
		2AAE31AB20F8A0FD00E173E0 /* Products */ = {
			isa = PBXGroup;
			children = (
				2AAE31AA20F8A0FD00E173E0 /* moduleTest.app */,
				2AAE31BE20F8A0FE00E173E0 /* moduleTestTests.xctest */,
				2AAE31C920F8A0FE00E173E0 /* moduleTestUITests.xctest */,
			);
			name = Products;
			sourceTree = "<group>";
		};
		2AAE31AC20F8A0FD00E173E0 /* moduleTest */ = {
			isa = PBXGroup;
			children = (
				2AAE31AD20F8A0FD00E173E0 /* AppDelegate.swift */,
				2AAE31AF20F8A0FD00E173E0 /* ViewController.swift */,
				2A48742220F8B7BB0073513D /* modulePro.swift */,
				2A23509420FD9DC7000FE1A3 /* cellVm.swift */,
				2AAE31DB20F8A11100E173E0 /* ViewController1.swift */,
				2AAE31DD20F8A11A00E173E0 /* ViewController2.swift */,
				2AAE31DF20F8A11F00E173E0 /* ViewController3.swift */,
				2AAE31B120F8A0FD00E173E0 /* Main.storyboard */,
				2AAE31B420F8A0FE00E173E0 /* Assets.xcassets */,
				2AAE31B620F8A0FE00E173E0 /* LaunchScreen.storyboard */,
				2AAE31B920F8A0FE00E173E0 /* Info.plist */,
			);
			path = moduleTest;
			sourceTree = "<group>";
		};
		2AAE31C120F8A0FE00E173E0 /* moduleTestTests */ = {
			isa = PBXGroup;
			children = (
				2AAE31C220F8A0FE00E173E0 /* moduleTestTests.swift */,
				2AAE31C420F8A0FE00E173E0 /* Info.plist */,
			);
			path = moduleTestTests;
			sourceTree = "<group>";
		};
		2AAE31CC20F8A0FE00E173E0 /* moduleTestUITests */ = {
			isa = PBXGroup;
			children = (
				2AAE31CD20F8A0FE00E173E0 /* moduleTestUITests.swift */,
				2AAE31CF20F8A0FE00E173E0 /* Info.plist */,
			);
			path = moduleTestUITests;
			sourceTree = "<group>";
		};
/* End PBXGroup section */

/* Begin PBXNativeTarget section */
		2AAE31A920F8A0FD00E173E0 /* moduleTest */ = {
			isa = PBXNativeTarget;
			buildConfigurationList = 2AAE31D220F8A0FE00E173E0 /* Build configuration list for PBXNativeTarget "moduleTest" */;
			buildPhases = (
				2AAE31A620F8A0FD00E173E0 /* Sources */,
				2AAE31A720F8A0FD00E173E0 /* Frameworks */,
				2AAE31A820F8A0FD00E173E0 /* Resources */,
			);
			buildRules = (
			);
			dependencies = (
			);
			name = moduleTest;
			productName = moduleTest;
			productReference = 2AAE31AA20F8A0FD00E173E0 /* moduleTest.app */;
			productType = "com.apple.product-type.application";
		};
		2AAE31BD20F8A0FE00E173E0 /* moduleTestTests */ = {
			isa = PBXNativeTarget;
			buildConfigurationList = 2AAE31D520F8A0FE00E173E0 /* Build configuration list for PBXNativeTarget "moduleTestTests" */;
			buildPhases = (
				2AAE31BA20F8A0FE00E173E0 /* Sources */,
				2AAE31BB20F8A0FE00E173E0 /* Frameworks */,
				2AAE31BC20F8A0FE00E173E0 /* Resources */,
			);
			buildRules = (
			);
			dependencies = (
				2AAE31C020F8A0FE00E173E0 /* PBXTargetDependency */,
			);
			name = moduleTestTests;
			productName = moduleTestTests;
			productReference = 2AAE31BE20F8A0FE00E173E0 /* moduleTestTests.xctest */;
			productType = "com.apple.product-type.bundle.unit-test";
		};
		2AAE31C820F8A0FE00E173E0 /* moduleTestUITests */ = {
			isa = PBXNativeTarget;
			buildConfigurationList = 2AAE31D820F8A0FE00E173E0 /* Build configuration list for PBXNativeTarget "moduleTestUITests" */;
			buildPhases = (
				2AAE31C520F8A0FE00E173E0 /* Sources */,
				2AAE31C620F8A0FE00E173E0 /* Frameworks */,
				2AAE31C720F8A0FE00E173E0 /* Resources */,
			);
			buildRules = (
			);
			dependencies = (
				2AAE31CB20F8A0FE00E173E0 /* PBXTargetDependency */,
			);
			name = moduleTestUITests;
			productName = moduleTestUITests;
			productReference = 2AAE31C920F8A0FE00E173E0 /* moduleTestUITests.xctest */;
			productType = "com.apple.product-type.bundle.ui-testing";
		};
/* End PBXNativeTarget section */

/* Begin PBXProject section */
		2AAE31A220F8A0FD00E173E0 /* Project object */ = {
			isa = PBXProject;
			attributes = {
				LastSwiftUpdateCheck = 0940;
				LastUpgradeCheck = 0940;
				ORGANIZATIONNAME = zhangyu;
				TargetAttributes = {
					2AAE31A920F8A0FD00E173E0 = {
						CreatedOnToolsVersion = 9.4;
					};
					2AAE31BD20F8A0FE00E173E0 = {
						CreatedOnToolsVersion = 9.4;
						TestTargetID = 2AAE31A920F8A0FD00E173E0;
					};
					2AAE31C820F8A0FE00E173E0 = {
						CreatedOnToolsVersion = 9.4;
						TestTargetID = 2AAE31A920F8A0FD00E173E0;
					};
				};
			};
			buildConfigurationList = 2AAE31A520F8A0FD00E173E0 /* Build configuration list for PBXProject "moduleTest" */;
			compatibilityVersion = "Xcode 9.3";
			developmentRegion = en;
			hasScannedForEncodings = 0;
			knownRegions = (
				en,
				Base,
			);
			mainGroup = 2AAE31A120F8A0FD00E173E0;
			productRefGroup = 2AAE31AB20F8A0FD00E173E0 /* Products */;
			projectDirPath = "";
			projectRoot = "";
			targets = (
				2AAE31A920F8A0FD00E173E0 /* moduleTest */,
				2AAE31BD20F8A0FE00E173E0 /* moduleTestTests */,
				2AAE31C820F8A0FE00E173E0 /* moduleTestUITests */,
			);
		};
/* End PBXProject section */

/* Begin PBXResourcesBuildPhase section */
		2AAE31A820F8A0FD00E173E0 /* Resources */ = {
			isa = PBXResourcesBuildPhase;
			buildActionMask = 2147483647;
			files = (
				2AAE31B820F8A0FE00E173E0 /* LaunchScreen.storyboard in Resources */,
				2AAE31B520F8A0FE00E173E0 /* Assets.xcassets in Resources */,
				2AAE31B320F8A0FD00E173E0 /* Main.storyboard in Resources */,
			);
			runOnlyForDeploymentPostprocessing = 0;
		};
		2AAE31BC20F8A0FE00E173E0 /* Resources */ = {
			isa = PBXResourcesBuildPhase;
			buildActionMask = 2147483647;
			files = (
			);
			runOnlyForDeploymentPostprocessing = 0;
		};
		2AAE31C720F8A0FE00E173E0 /* Resources */ = {
			isa = PBXResourcesBuildPhase;
			buildActionMask = 2147483647;
			files = (
			);
			runOnlyForDeploymentPostprocessing = 0;
		};
/* End PBXResourcesBuildPhase section */

/* Begin PBXSourcesBuildPhase section */
		2AAE31A620F8A0FD00E173E0 /* Sources */ = {
			isa = PBXSourcesBuildPhase;
			buildActionMask = 2147483647;
			files = (
				2AAE31E020F8A11F00E173E0 /* ViewController3.swift in Sources */,
				2AAE31DC20F8A11100E173E0 /* ViewController1.swift in Sources */,
				2AAE31DE20F8A11A00E173E0 /* ViewController2.swift in Sources */,
				2A48742320F8B7BB0073513D /* modulePro.swift in Sources */,
				2AAE31B020F8A0FD00E173E0 /* ViewController.swift in Sources */,
				2A23509520FD9DC7000FE1A3 /* cellVm.swift in Sources */,
				2AAE31AE20F8A0FD00E173E0 /* AppDelegate.swift in Sources */,
			);
			runOnlyForDeploymentPostprocessing = 0;
		};
		2AAE31BA20F8A0FE00E173E0 /* Sources */ = {
			isa = PBXSourcesBuildPhase;
			buildActionMask = 2147483647;
			files = (
				2AAE31C320F8A0FE00E173E0 /* moduleTestTests.swift in Sources */,
			);
			runOnlyForDeploymentPostprocessing = 0;
		};
		2AAE31C520F8A0FE00E173E0 /* Sources */ = {
			isa = PBXSourcesBuildPhase;
			buildActionMask = 2147483647;
			files = (
				2AAE31CE20F8A0FE00E173E0 /* moduleTestUITests.swift in Sources */,
			);
			runOnlyForDeploymentPostprocessing = 0;
		};
/* End PBXSourcesBuildPhase section */

/* Begin PBXTargetDependency section */
		2AAE31C020F8A0FE00E173E0 /* PBXTargetDependency */ = {
			isa = PBXTargetDependency;
			target = 2AAE31A920F8A0FD00E173E0 /* moduleTest */;
			targetProxy = 2AAE31BF20F8A0FE00E173E0 /* PBXContainerItemProxy */;
		};
		2AAE31CB20F8A0FE00E173E0 /* PBXTargetDependency */ = {
			isa = PBXTargetDependency;
			target = 2AAE31A920F8A0FD00E173E0 /* moduleTest */;
			targetProxy = 2AAE31CA20F8A0FE00E173E0 /* PBXContainerItemProxy */;
		};
/* End PBXTargetDependency section */

/* Begin PBXVariantGroup section */
		2AAE31B120F8A0FD00E173E0 /* Main.storyboard */ = {
			isa = PBXVariantGroup;
			children = (
				2AAE31B220F8A0FD00E173E0 /* Base */,
			);
			name = Main.storyboard;
			sourceTree = "<group>";
		};
		2AAE31B620F8A0FE00E173E0 /* LaunchScreen.storyboard */ = {
			isa = PBXVariantGroup;
			children = (
				2AAE31B720F8A0FE00E173E0 /* Base */,
			);
			name = LaunchScreen.storyboard;
			sourceTree = "<group>";
		};
/* End PBXVariantGroup section */

/* Begin XCBuildConfiguration section */
		2AAE31D020F8A0FE00E173E0 /* Debug */ = {
			isa = XCBuildConfiguration;
			buildSettings = {
				ALWAYS_SEARCH_USER_PATHS = NO;
				CLANG_ANALYZER_NONNULL = YES;
				CLANG_ANALYZER_NUMBER_OBJECT_CONVERSION = YES_AGGRESSIVE;
				CLANG_CXX_LANGUAGE_STANDARD = "gnu++14";
				CLANG_CXX_LIBRARY = "libc++";
				CLANG_ENABLE_MODULES = YES;
				CLANG_ENABLE_OBJC_ARC = YES;
				CLANG_ENABLE_OBJC_WEAK = YES;
				CLANG_WARN_BLOCK_CAPTURE_AUTORELEASING = YES;
				CLANG_WARN_BOOL_CONVERSION = YES;
				CLANG_WARN_COMMA = YES;
				CLANG_WARN_CONSTANT_CONVERSION = YES;
				CLANG_WARN_DEPRECATED_OBJC_IMPLEMENTATIONS = YES;
				CLANG_WARN_DIRECT_OBJC_ISA_USAGE = YES_ERROR;
				CLANG_WARN_DOCUMENTATION_COMMENTS = YES;
				CLANG_WARN_EMPTY_BODY = YES;
				CLANG_WARN_ENUM_CONVERSION = YES;
				CLANG_WARN_INFINITE_RECURSION = YES;
				CLANG_WARN_INT_CONVERSION = YES;
				CLANG_WARN_NON_LITERAL_NULL_CONVERSION = YES;
				CLANG_WARN_OBJC_IMPLICIT_RETAIN_SELF = YES;
				CLANG_WARN_OBJC_LITERAL_CONVERSION = YES;
				CLANG_WARN_OBJC_ROOT_CLASS = YES_ERROR;
				CLANG_WARN_RANGE_LOOP_ANALYSIS = YES;
				CLANG_WARN_STRICT_PROTOTYPES = YES;
				CLANG_WARN_SUSPICIOUS_MOVE = YES;
				CLANG_WARN_UNGUARDED_AVAILABILITY = YES_AGGRESSIVE;
				CLANG_WARN_UNREACHABLE_CODE = YES;
				CLANG_WARN__DUPLICATE_METHOD_MATCH = YES;
				CODE_SIGN_IDENTITY = "iPhone Developer";
				COPY_PHASE_STRIP = NO;
				DEBUG_INFORMATION_FORMAT = dwarf;
				ENABLE_STRICT_OBJC_MSGSEND = YES;
				ENABLE_TESTABILITY = YES;
				GCC_C_LANGUAGE_STANDARD = gnu11;
				GCC_DYNAMIC_NO_PIC = NO;
				GCC_NO_COMMON_BLOCKS = YES;
				GCC_OPTIMIZATION_LEVEL = 0;
				GCC_PREPROCESSOR_DEFINITIONS = (
					"DEBUG=1",
					"$(inherited)",
				);
				GCC_WARN_64_TO_32_BIT_CONVERSION = YES;
				GCC_WARN_ABOUT_RETURN_TYPE = YES_ERROR;
				GCC_WARN_UNDECLARED_SELECTOR = YES;
				GCC_WARN_UNINITIALIZED_AUTOS = YES_AGGRESSIVE;
				GCC_WARN_UNUSED_FUNCTION = YES;
				GCC_WARN_UNUSED_VARIABLE = YES;
				IPHONEOS_DEPLOYMENT_TARGET = 11.4;
				MTL_ENABLE_DEBUG_INFO = YES;
				ONLY_ACTIVE_ARCH = YES;
				SDKROOT = iphoneos;
				SWIFT_ACTIVE_COMPILATION_CONDITIONS = DEBUG;
				SWIFT_OPTIMIZATION_LEVEL = "-Onone";
			};
			name = Debug;
		};
		2AAE31D120F8A0FE00E173E0 /* Release */ = {
			isa = XCBuildConfiguration;
			buildSettings = {
				ALWAYS_SEARCH_USER_PATHS = NO;
				CLANG_ANALYZER_NONNULL = YES;
				CLANG_ANALYZER_NUMBER_OBJECT_CONVERSION = YES_AGGRESSIVE;
				CLANG_CXX_LANGUAGE_STANDARD = "gnu++14";
				CLANG_CXX_LIBRARY = "libc++";
				CLANG_ENABLE_MODULES = YES;
				CLANG_ENABLE_OBJC_ARC = YES;
				CLANG_ENABLE_OBJC_WEAK = YES;
				CLANG_WARN_BLOCK_CAPTURE_AUTORELEASING = YES;
				CLANG_WARN_BOOL_CONVERSION = YES;
				CLANG_WARN_COMMA = YES;
				CLANG_WARN_CONSTANT_CONVERSION = YES;
				CLANG_WARN_DEPRECATED_OBJC_IMPLEMENTATIONS = YES;
				CLANG_WARN_DIRECT_OBJC_ISA_USAGE = YES_ERROR;
				CLANG_WARN_DOCUMENTATION_COMMENTS = YES;
				CLANG_WARN_EMPTY_BODY = YES;
				CLANG_WARN_ENUM_CONVERSION = YES;
				CLANG_WARN_INFINITE_RECURSION = YES;
				CLANG_WARN_INT_CONVERSION = YES;
				CLANG_WARN_NON_LITERAL_NULL_CONVERSION = YES;
				CLANG_WARN_OBJC_IMPLICIT_RETAIN_SELF = YES;
				CLANG_WARN_OBJC_LITERAL_CONVERSION = YES;
				CLANG_WARN_OBJC_ROOT_CLASS = YES_ERROR;
				CLANG_WARN_RANGE_LOOP_ANALYSIS = YES;
				CLANG_WARN_STRICT_PROTOTYPES = YES;
				CLANG_WARN_SUSPICIOUS_MOVE = YES;
				CLANG_WARN_UNGUARDED_AVAILABILITY = YES_AGGRESSIVE;
				CLANG_WARN_UNREACHABLE_CODE = YES;
				CLANG_WARN__DUPLICATE_METHOD_MATCH = YES;
				CODE_SIGN_IDENTITY = "iPhone Developer";
				COPY_PHASE_STRIP = NO;
				DEBUG_INFORMATION_FORMAT = "dwarf-with-dsym";
				ENABLE_NS_ASSERTIONS = NO;
				ENABLE_STRICT_OBJC_MSGSEND = YES;
				GCC_C_LANGUAGE_STANDARD = gnu11;
				GCC_NO_COMMON_BLOCKS = YES;
				GCC_WARN_64_TO_32_BIT_CONVERSION = YES;
				GCC_WARN_ABOUT_RETURN_TYPE = YES_ERROR;
				GCC_WARN_UNDECLARED_SELECTOR = YES;
				GCC_WARN_UNINITIALIZED_AUTOS = YES_AGGRESSIVE;
				GCC_WARN_UNUSED_FUNCTION = YES;
				GCC_WARN_UNUSED_VARIABLE = YES;
				IPHONEOS_DEPLOYMENT_TARGET = 11.4;
				MTL_ENABLE_DEBUG_INFO = NO;
				SDKROOT = iphoneos;
				SWIFT_COMPILATION_MODE = wholemodule;
				SWIFT_OPTIMIZATION_LEVEL = "-O";
				VALIDATE_PRODUCT = YES;
			};
			name = Release;
		};
		2AAE31D320F8A0FE00E173E0 /* Debug */ = {
			isa = XCBuildConfiguration;
			buildSettings = {
				ASSETCATALOG_COMPILER_APPICON_NAME = AppIcon;
				CODE_SIGN_STYLE = Automatic;
				INFOPLIST_FILE = moduleTest/Info.plist;
				LD_RUNPATH_SEARCH_PATHS = (
					"$(inherited)",
					"@executable_path/Frameworks",
				);
				PRODUCT_BUNDLE_IDENTIFIER = zy.moduleTest;
				PRODUCT_NAME = "$(TARGET_NAME)";
				SWIFT_VERSION = 4.0;
				TARGETED_DEVICE_FAMILY = "1,2";
			};
			name = Debug;
		};
		2AAE31D420F8A0FE00E173E0 /* Release */ = {
			isa = XCBuildConfiguration;
			buildSettings = {
				ASSETCATALOG_COMPILER_APPICON_NAME = AppIcon;
				CODE_SIGN_STYLE = Automatic;
				INFOPLIST_FILE = moduleTest/Info.plist;
				LD_RUNPATH_SEARCH_PATHS = (
					"$(inherited)",
					"@executable_path/Frameworks",
				);
				PRODUCT_BUNDLE_IDENTIFIER = zy.moduleTest;
				PRODUCT_NAME = "$(TARGET_NAME)";
				SWIFT_VERSION = 4.0;
				TARGETED_DEVICE_FAMILY = "1,2";
			};
			name = Release;
		};
		2AAE31D620F8A0FE00E173E0 /* Debug */ = {
			isa = XCBuildConfiguration;
			buildSettings = {
				ALWAYS_EMBED_SWIFT_STANDARD_LIBRARIES = YES;
				BUNDLE_LOADER = "$(TEST_HOST)";
				CODE_SIGN_STYLE = Automatic;
				INFOPLIST_FILE = moduleTestTests/Info.plist;
				LD_RUNPATH_SEARCH_PATHS = (
					"$(inherited)",
					"@executable_path/Frameworks",
					"@loader_path/Frameworks",
				);
				PRODUCT_BUNDLE_IDENTIFIER = zy.moduleTestTests;
				PRODUCT_NAME = "$(TARGET_NAME)";
				SWIFT_VERSION = 4.0;
				TARGETED_DEVICE_FAMILY = "1,2";
				TEST_HOST = "$(BUILT_PRODUCTS_DIR)/moduleTest.app/moduleTest";
			};
			name = Debug;
		};
		2AAE31D720F8A0FE00E173E0 /* Release */ = {
			isa = XCBuildConfiguration;
			buildSettings = {
				ALWAYS_EMBED_SWIFT_STANDARD_LIBRARIES = YES;
				BUNDLE_LOADER = "$(TEST_HOST)";
				CODE_SIGN_STYLE = Automatic;
				INFOPLIST_FILE = moduleTestTests/Info.plist;
				LD_RUNPATH_SEARCH_PATHS = (
					"$(inherited)",
					"@executable_path/Frameworks",
					"@loader_path/Frameworks",
				);
				PRODUCT_BUNDLE_IDENTIFIER = zy.moduleTestTests;
				PRODUCT_NAME = "$(TARGET_NAME)";
				SWIFT_VERSION = 4.0;
				TARGETED_DEVICE_FAMILY = "1,2";
				TEST_HOST = "$(BUILT_PRODUCTS_DIR)/moduleTest.app/moduleTest";
			};
			name = Release;
		};
		2AAE31D920F8A0FE00E173E0 /* Debug */ = {
			isa = XCBuildConfiguration;
			buildSettings = {
				ALWAYS_EMBED_SWIFT_STANDARD_LIBRARIES = YES;
				CODE_SIGN_STYLE = Automatic;
				INFOPLIST_FILE = moduleTestUITests/Info.plist;
				LD_RUNPATH_SEARCH_PATHS = (
					"$(inherited)",
					"@executable_path/Frameworks",
					"@loader_path/Frameworks",
				);
				PRODUCT_BUNDLE_IDENTIFIER = zy.moduleTestUITests;
				PRODUCT_NAME = "$(TARGET_NAME)";
				SWIFT_VERSION = 4.0;
				TARGETED_DEVICE_FAMILY = "1,2";
				TEST_TARGET_NAME = moduleTest;
			};
			name = Debug;
		};
		2AAE31DA20F8A0FE00E173E0 /* Release */ = {
			isa = XCBuildConfiguration;
			buildSettings = {
				ALWAYS_EMBED_SWIFT_STANDARD_LIBRARIES = YES;
				CODE_SIGN_STYLE = Automatic;
				INFOPLIST_FILE = moduleTestUITests/Info.plist;
				LD_RUNPATH_SEARCH_PATHS = (
					"$(inherited)",
					"@executable_path/Frameworks",
					"@loader_path/Frameworks",
				);
				PRODUCT_BUNDLE_IDENTIFIER = zy.moduleTestUITests;
				PRODUCT_NAME = "$(TARGET_NAME)";
				SWIFT_VERSION = 4.0;
				TARGETED_DEVICE_FAMILY = "1,2";
				TEST_TARGET_NAME = moduleTest;
			};
			name = Release;
		};
/* End XCBuildConfiguration section */

/* Begin XCConfigurationList section */
		2AAE31A520F8A0FD00E173E0 /* Build configuration list for PBXProject "moduleTest" */ = {
			isa = XCConfigurationList;
			buildConfigurations = (
				2AAE31D020F8A0FE00E173E0 /* Debug */,
				2AAE31D120F8A0FE00E173E0 /* Release */,
			);
			defaultConfigurationIsVisible = 0;
			defaultConfigurationName = Release;
		};
		2AAE31D220F8A0FE00E173E0 /* Build configuration list for PBXNativeTarget "moduleTest" */ = {
			isa = XCConfigurationList;
			buildConfigurations = (
				2AAE31D320F8A0FE00E173E0 /* Debug */,
				2AAE31D420F8A0FE00E173E0 /* Release */,
			);
			defaultConfigurationIsVisible = 0;
			defaultConfigurationName = Release;
		};
		2AAE31D520F8A0FE00E173E0 /* Build configuration list for PBXNativeTarget "moduleTestTests" */ = {
			isa = XCConfigurationList;
			buildConfigurations = (
				2AAE31D620F8A0FE00E173E0 /* Debug */,
				2AAE31D720F8A0FE00E173E0 /* Release */,
			);
			defaultConfigurationIsVisible = 0;
			defaultConfigurationName = Release;
		};
		2AAE31D820F8A0FE00E173E0 /* Build configuration list for PBXNativeTarget "moduleTestUITests" */ = {
			isa = XCConfigurationList;
			buildConfigurations = (
				2AAE31D920F8A0FE00E173E0 /* Debug */,
				2AAE31DA20F8A0FE00E173E0 /* Release */,
			);
			defaultConfigurationIsVisible = 0;
			defaultConfigurationName = Release;
		};
/* End XCConfigurationList section */
	};
	rootObject = 2AAE31A220F8A0FD00E173E0 /* Project object */;
}
